
Microsoft Visual Studio Solution File, Format Version 12.00
# Visual Studio Version 17
VisualStudioVersion = 17.14.36429.23
MinimumVisualStudioVersion = 10.0.40219.1
Project("{FAE04EC0-301F-11D3-BF4B-00C04F79EFBC}") = "TpQuestionnaireManager", "TpQuestionnaireManager\TpQuestionnaireManager.csproj", "{3A25DBB2-F520-4AC7-B8F5-A18F690E1B36}"
EndProject
Project("{FAE04EC0-301F-11D3-BF4B-00C04F79EFBC}") = "TpQuestionnaireManager.Data", "TpQuestionnaireManager.Data\TpQuestionnaireManager.Data.csproj", "{6F10A8A1-A919-46A2-B6D1-4CC75F2D118F}"
EndProject
Global
	GlobalSection(SolutionConfigurationPlatforms) = preSolution
		Debug|Any CPU = Debug|Any CPU
		Release|Any CPU = Release|Any CPU
	EndGlobalSection
	GlobalSection(ProjectConfigurationPlatforms) = postSolution
		{3A25DBB2-F520-4AC7-B8F5-A18F690E1B36}.Debug|Any CPU.ActiveCfg = Debug|Any CPU
		{3A25DBB2-F520-4AC7-B8F5-A18F690E1B36}.Debug|Any CPU.Build.0 = Debug|Any CPU
		{3A25DBB2-F520-4AC7-B8F5-A18F690E1B36}.Release|Any CPU.ActiveCfg = Release|Any CPU
		{3A25DBB2-F520-4AC7-B8F5-A18F690E1B36}.Release|Any CPU.Build.0 = Release|Any CPU
		{6F10A8A1-A919-46A2-B6D1-4CC75F2D118F}.Debug|Any CPU.ActiveCfg = Debug|Any CPU
		{6F10A8A1-A919-46A2-B6D1-4CC75F2D118F}.Debug|Any CPU.Build.0 = Debug|Any CPU
		{6F10A8A1-A919-46A2-B6D1-4CC75F2D118F}.Release|Any CPU.ActiveCfg = Release|Any CPU
		{6F10A8A1-A919-46A2-B6D1-4CC75F2D118F}.Release|Any CPU.Build.0 = Release|Any CPU
	EndGlobalSection
	GlobalSection(SolutionProperties) = preSolution
		HideSolutionNode = FALSE
	EndGlobalSection
	GlobalSection(ExtensibilityGlobals) = postSolution
		SolutionGuid = {7834ACBC-718A-4C53-9540-8441E0DEEAB2}
	EndGlobalSection
EndGlobal
